
Microsoft Visual Studio Solution File, Format Version 12.00
# Visual Studio Version 17
VisualStudioVersion = 17.0.31912.275
MinimumVisualStudioVersion = 10.0.40219.1
Project("{FAE04EC0-301F-11D3-BF4B-00C04F79EFBC}") = "ConsulAPI", "ConsulAPI\ConsulAPI.csproj", "{3934AADE-E740-44C5-B38A-8229B65E4564}"
EndProject
Global
	GlobalSection(SolutionConfigurationPlatforms) = preSolution
		Debug|Any CPU = Debug|Any CPU
		Release|Any CPU = Release|Any CPU
	EndGlobalSection
	GlobalSection(ProjectConfigurationPlatforms) = postSolution
		{3934AADE-E740-44C5-B38A-8229B65E4564}.Debug|Any CPU.ActiveCfg = Debug|Any CPU
		{3934AADE-E740-44C5-B38A-8229B65E4564}.Debug|Any CPU.Build.0 = Debug|Any CPU
		{3934AADE-E740-44C5-B38A-8229B65E4564}.Release|Any CPU.ActiveCfg = Release|Any CPU
		{3934AADE-E740-44C5-B38A-8229B65E4564}.Release|Any CPU.Build.0 = Release|Any CPU
	EndGlobalSection
	GlobalSection(SolutionProperties) = preSolution
		HideSolutionNode = FALSE
	EndGlobalSection
	GlobalSection(ExtensibilityGlobals) = postSolution
		SolutionGuid = {44C845AB-4741-4684-83C6-8CF69389CA64}
	EndGlobalSection
EndGlobal
